hash: 347aeb8c7c75dbe9ffd7ca15cf3bd5c7e0f9741e8ce18b22b5def8f070c9e5bf
updated: 2017-10-13T11:37:09.4490602-07:00
imports:
- name: github.com/Azure/azure-sdk-for-go
  version: 2592daf71ab6b95dcfc7f7437ecc1afb9ddb7360
  subpackages:
  - arm/compute
  - arm/network
  - arm/resources/resources
  - arm/storage
- name: github.com/Azure/go-autorest
  version: f6be1abbb5abd0517522f850dd785990d373da7e
  subpackages:
  - autorest
  - autorest/adal
  - autorest/azure
  - autorest/date
  - autorest/to
  - autorest/validation
- name: github.com/dgrijalva/jwt-go
  version: 9ed569b5d1ac936e6494082958d63a6aa4fff99a
testImports: []
