hash: e9d944ce07c316832e407ce3d158b3d2ee37cd39109978eda522057e77ca9412
updated: 2017-06-01T13:01:26.7431178-07:00
imports:
- name: github.com/Azure/azure-sdk-for-go
  version: aa107754f46f9a99aea3056f44916b6a262df170
  subpackages:
  - arm/compute
  - arm/network
  - arm/resources/resources
  - arm/storage
- name: github.com/Azure/go-autorest
  version: 58f6f26e200fa5dfb40c9cd1c83f3e2c860d779d
  subpackages:
  - autorest/azure
  - autorest/to
  - autorest
  - autorest/date
  - autorest/adal
- name: github.com/dgrijalva/jwt-go
  version: 9ed569b5d1ac936e6494082958d63a6aa4fff99a
testImports: []
